
Microsoft Visual Studio Solution File, Format Version 12.00
# Visual Studio Version 17
VisualStudioVersion = 17.7.34221.43
MinimumVisualStudioVersion = 10.0.40219.1
Project("{8BC9CEB8-8B4A-11D0-8D11-00A0C91BC942}") = "ConsoleApplication2", "ConsoleApplication2\ConsoleApplication2.vcxproj", "{46A0A6AC-253C-415B-AE59-886A2CDD8571}"
EndProject
Global
	GlobalSection(SolutionConfigurationPlatforms) = preSolution
		Debug|x64 = Debug|x64
		Debug|x86 = Debug|x86
		Release|x64 = Release|x64
		Release|x86 = Release|x86
	EndGlobalSection
	GlobalSection(ProjectConfigurationPlatforms) = postSolution
		{46A0A6AC-253C-415B-AE59-886A2CDD8571}.Debug|x64.ActiveCfg = Debug|x64
		{46A0A6AC-253C-415B-AE59-886A2CDD8571}.Debug|x64.Build.0 = Debug|x64
		{46A0A6AC-253C-415B-AE59-886A2CDD8571}.Debug|x86.ActiveCfg = Debug|Win32
		{46A0A6AC-253C-415B-AE59-886A2CDD8571}.Debug|x86.Build.0 = Debug|Win32
		{46A0A6AC-253C-415B-AE59-886A2CDD8571}.Release|x64.ActiveCfg = Release|x64
		{46A0A6AC-253C-415B-AE59-886A2CDD8571}.Release|x64.Build.0 = Release|x64
		{46A0A6AC-253C-415B-AE59-886A2CDD8571}.Release|x86.ActiveCfg = Release|Win32
		{46A0A6AC-253C-415B-AE59-886A2CDD8571}.Release|x86.Build.0 = Release|Win32
	EndGlobalSection
	GlobalSection(SolutionProperties) = preSolution
		HideSolutionNode = FALSE
	EndGlobalSection
	GlobalSection(ExtensibilityGlobals) = postSolution
		SolutionGuid = {B9EE5C3B-EF22-4E81-8BD4-272DE7818AEC}
	EndGlobalSection
EndGlobal
